{
  "name": "browser-template",
  "lockfileVersion": 3,
  "requires": true,
  "packages": {
    "": {
      "dependencies": {
        "http-message-sig": "0.3.0",
        "playwright": "1.63.0"
      }
    },
    "node_modules/http-message-sig": {
      "version": "0.3.0",
      "resolved": "https://registry.npmjs.org/http-message-sig/-/http-message-sig-0.3.0.tgz",
      "integrity": "sha512-ossX5ZDDCRD+YtMzryp3gCg+5wqLFes1RVChEFmEE9Bzbd49Ts2IIIvFnTst/mYWx0ivrxrTTPsIIKKJ07s7+w==",
      "license": "Apache-2.0",
      "dependencies": {
        "structured-headers": "2.0.3"
      }
    },
    "node_modules/playwright": {
      "version": "1.63.0",
      "resolved": "https://registry.npmjs.org/playwright/-/playwright-1.63.0.tgz",
      "integrity": "sha512-+7ziBLidS4NaNCdt57SUDT+wYmmd5fmiQejUic/kb+YsYSCPyOOE9sebzMjNmQrsnNpDJqd4WHvV/8lfKfUDUg==",
      "license": "Apache-2.0",
      "dependencies": {
        "playwright-core": "1.63.0"
      },
      "bin": {
        "playwright": "cli.js"
      },
      "engines": {
        "node": ">=20"
      }
    },
    "node_modules/playwright-core": {
      "version": "1.63.0",
      "resolved": "https://registry.npmjs.org/playwright-core/-/playwright-core-1.63.0.tgz",
      "integrity": "sha512-rYCsBF/M5HjUch52bbtVONEFjv6Xu8sm8h72dNlR5bzIE1fvC/bxgspzkjSfU+MweEMmPM8KJebG6nnyxo5mCg==",
      "license": "Apache-2.0",
      "bin": {
        "playwright-core": "cli.js"
      },
      "engines": {
        "node": ">=20"
      }
    },
    "node_modules/structured-headers": {
      "version": "2.0.3",
      "resolved": "https://registry.npmjs.org/structured-headers/-/structured-headers-2.0.3.tgz",
      "integrity": "sha512-4g5yxhlDMClRwCcfKfLeS7Z8yAVdOWGDADwm80Poh1iReU2KVKLGBlqwpHWJ2qovq0+ZIf1atAEO1eua2o9Rgg==",
      "license": "MIT",
      "engines": {
        "node": ">=18",
        "npm": ">=6"
      }
    }
  }
}
